{
  "lockfileVersion": 1,
  "configVersion": 0,
  "workspaces": {
    "": {
      "name": "are-you-the-one",
      "dependencies": {
        "canvas-confetti": "^1.9.3",
        "lit": "^3.3.0",
      },
      "peerDependencies": {
        "typescript": "^5.0.0",
      },
    },
  },
  "packages": {
    "@lit-labs/ssr-dom-shim": ["@lit-labs/ssr-dom-shim@1.3.0", "", {}, "sha512-nQIWonJ6eFAvUUrSlwyHDm/aE8PBDu5kRpL0vHMg6K8fK3Diq1xdPjTnsJSwxABhaZ+5eBi1btQB5ShUTKo4nQ=="],

    "@lit/reactive-element": ["@lit/reactive-element@2.1.0", "", { "dependencies": { "@lit-labs/ssr-dom-shim": "^1.2.0" } }, "sha512-L2qyoZSQClcBmq0qajBVbhYEcG6iK0XfLn66ifLe/RfC0/ihpc+pl0Wdn8bJ8o+hj38cG0fGXRgSS20MuXn7qA=="],

    "@types/trusted-types": ["@types/trusted-types@2.0.7", "", {}, "sha512-ScaPdn1dQczgbl0QFTeTOmVHFULt394XJgOQNoyVhZ6r2vLnMLJfBPd53SB52T/3G36VI1/g2MZaX0cwDuXsfw=="],

    "canvas-confetti": ["canvas-confetti@1.9.3", "", {}, "sha512-rFfTURMvmVEX1gyXFgn5QMn81bYk70qa0HLzcIOSVEyl57n6o9ItHeBtUSWdvKAPY0xlvBHno4/v3QPrT83q9g=="],

    "lit": ["lit@3.3.0", "", { "dependencies": { "@lit/reactive-element": "^2.1.0", "lit-element": "^4.2.0", "lit-html": "^3.3.0" } }, "sha512-DGVsqsOIHBww2DqnuZzW7QsuCdahp50ojuDaBPC7jUDRpYoH0z7kHBBYZewRzer75FwtrkmkKk7iOAwSaWdBmw=="],

    "lit-element": ["lit-element@4.2.0", "", { "dependencies": { "@lit-labs/ssr-dom-shim": "^1.2.0", "@lit/reactive-element": "^2.1.0", "lit-html": "^3.3.0" } }, "sha512-MGrXJVAI5x+Bfth/pU9Kst1iWID6GHDLEzFEnyULB/sFiRLgkd8NPK/PeeXxktA3T6EIIaq8U3KcbTU5XFcP2Q=="],

    "lit-html": ["lit-html@3.3.0", "", { "dependencies": { "@types/trusted-types": "^2.0.2" } }, "sha512-RHoswrFAxY2d8Cf2mm4OZ1DgzCoBKUKSPvA1fhtSELxUERq2aQQ2h05pO9j81gS1o7RIRJ+CePLogfyahwmynw=="],

    "typescript": ["typescript@5.8.3", "", { "bin": { "tsc": "bin/tsc", "tsserver": "bin/tsserver" } }, "sha512-p1diW6TqL9L07nNxvRMM7hMMw4c5XOo/1ibL4aAIGmSAt9slTE1Xgw5KWuof2uTOvCg9BY7ZRi+GaF+7sfgPeQ=="],
  }
}
